
Microsoft Visual Studio Solution File, Format Version 12.00
# Visual Studio Version 17
VisualStudioVersion = 17.11.35431.28
MinimumVisualStudioVersion = 10.0.40219.1
Project("{FAE04EC0-301F-11D3-BF4B-00C04F79EFBC}") = "SAOV.CommandTools.AzTools", "SAOV.CommandTools.AzTools\SAOV.CommandTools.AzTools.csproj", "{8817B3EB-22ED-4C7B-9A7A-805C3E41490D}"
EndProject
Global
	GlobalSection(SolutionConfigurationPlatforms) = preSolution
		Debug|Any CPU = Debug|Any CPU
		Release|Any CPU = Release|Any CPU
	EndGlobalSection
	GlobalSection(ProjectConfigurationPlatforms) = postSolution
		{8817B3EB-22ED-4C7B-9A7A-805C3E41490D}.Debug|Any CPU.ActiveCfg = Debug|Any CPU
		{8817B3EB-22ED-4C7B-9A7A-805C3E41490D}.Debug|Any CPU.Build.0 = Debug|Any CPU
		{8817B3EB-22ED-4C7B-9A7A-805C3E41490D}.Release|Any CPU.ActiveCfg = Release|Any CPU
		{8817B3EB-22ED-4C7B-9A7A-805C3E41490D}.Release|Any CPU.Build.0 = Release|Any CPU
	EndGlobalSection
	GlobalSection(SolutionProperties) = preSolution
		HideSolutionNode = FALSE
	EndGlobalSection
	GlobalSection(ExtensibilityGlobals) = postSolution
		SolutionGuid = {628C2672-B7EC-4F80-B5A4-C52E0EB29011}
	EndGlobalSection
EndGlobal
